
Microsoft Visual Studio Solution File, Format Version 12.00
# Visual Studio Version 16
VisualStudioVersion = 16.0.28315.86
MinimumVisualStudioVersion = 10.0.40219.1
Project("{2150E333-8FDC-42A3-9474-1A3956D46DE8}") = "Solution Items", "Solution Items", "{6967D139-FAAB-470A-B108-859E29B28DFC}"
	ProjectSection(SolutionItems) = preProject
		Routing.txt = Routing.txt
		TODOs.txt = TODOs.txt
		Wire Format V5.txt = Wire Format V5.txt
		Wire Format V6.txt = Wire Format V6.txt
	EndProjectSection
EndProject
Project("{2150E333-8FDC-42A3-9474-1A3956D46DE8}") = "Samples", "Samples", "{B3967666-2296-4B28-BFD8-0ED4326E29C7}"
EndProject
Project("{2150E333-8FDC-42A3-9474-1A3956D46DE8}") = "Integration", "Integration", "{6F259B2B-7164-4427-A89C-12254AE91EF3}"
EndProject
Project("{2150E333-8FDC-42A3-9474-1A3956D46DE8}") = "Tests", "Tests", "{0C6B7BAF-6F77-4352-92C7-A8F3F0337896}"
EndProject
Project("{9A19103F-16F7-4668-BE54-9A1E7A4F7556}") = "kino.Core", "kino.Core\kino.Core.csproj", "{3EB88875-8193-41C2-AA19-34B50ED25FCE}"
EndProject
Project("{9A19103F-16F7-4668-BE54-9A1E7A4F7556}") = "kino.Security", "kino.Security\kino.Security.csproj", "{0E9490A9-9125-4015-861D-DAB74F5BFC12}"
EndProject
Project("{9A19103F-16F7-4668-BE54-9A1E7A4F7556}") = "kino.Messaging", "kino.Messaging\kino.Messaging.csproj", "{548FFA10-E397-4588-A866-C41EDE460E24}"
EndProject
Project("{9A19103F-16F7-4668-BE54-9A1E7A4F7556}") = "kino.Connectivity", "kino.Connectivity\kino.Connectivity.csproj", "{95A0E9D0-3E53-4AA0-B1FA-E233A2D35891}"
EndProject
Project("{9A19103F-16F7-4668-BE54-9A1E7A4F7556}") = "kino.Routing", "kino.Routing\kino.Routing.csproj", "{4A52CD75-EA91-4324-ABF0-2E4430E11DE7}"
EndProject
Project("{9A19103F-16F7-4668-BE54-9A1E7A4F7556}") = "kino.Cluster", "kino.Cluster\kino.Cluster.csproj", "{068DE0F3-6751-4A03-B426-9AB9455535F0}"
EndProject
Project("{9A19103F-16F7-4668-BE54-9A1E7A4F7556}") = "kino.Consensus", "kino.Consensus\kino.Consensus.csproj", "{4BC6B8C9-0314-438B-8EF6-CB3E5A35DDB3}"
EndProject
Project("{9A19103F-16F7-4668-BE54-9A1E7A4F7556}") = "kino.Rendezvous", "kino.Rendezvous\kino.Rendezvous.csproj", "{14B41D2C-CC5B-4466-9DE6-9B09998183C2}"
EndProject
Project("{9A19103F-16F7-4668-BE54-9A1E7A4F7556}") = "kino.Client", "kino.Client\kino.Client.csproj", "{76D7435D-BCC1-4626-B164-F210B90666A6}"
EndProject
Project("{9A19103F-16F7-4668-BE54-9A1E7A4F7556}") = "kino.Actors", "kino.Actors\kino.Actors.csproj", "{E936E3A8-F1BC-4788-B523-AC375CAEFB99}"
EndProject
Project("{9A19103F-16F7-4668-BE54-9A1E7A4F7556}") = "kino", "kino\kino.csproj", "{09AF527E-95DC-4D37-8FC1-5CA943E9A4A4}"
EndProject
Project("{9A19103F-16F7-4668-BE54-9A1E7A4F7556}") = "Autofac.kino.Rendezvous", "Integration\Autofac.kino.Rendezvous\Autofac.kino.Rendezvous.csproj", "{1300221D-0982-4027-BCAD-953BC564DAE4}"
EndProject
Project("{9A19103F-16F7-4668-BE54-9A1E7A4F7556}") = "Autofac.kino", "Integration\Autofac.kino\Autofac.kino.csproj", "{DACFA410-FC1E-4EFB-9574-575DCEC69306}"
EndProject
Project("{9A19103F-16F7-4668-BE54-9A1E7A4F7556}") = "Client", "Samples\Client\Client.csproj", "{E43E69E8-0C92-4694-9E95-F1277D34FFAD}"
EndProject
Project("{9A19103F-16F7-4668-BE54-9A1E7A4F7556}") = "Server", "Samples\Server\Server.csproj", "{E52CD781-EA8B-4D12-87E6-617F6B39711C}"
EndProject
Project("{9A19103F-16F7-4668-BE54-9A1E7A4F7556}") = "kino.Rendezvous.Service", "kino.Rendezvous.Service\kino.Rendezvous.Service.csproj", "{C8204FAF-FF56-448D-8BED-160B4261F821}"
EndProject
Project("{9A19103F-16F7-4668-BE54-9A1E7A4F7556}") = "kino.Connectivity.Kafka", "kino.Connectivity.Kafka\kino.Connectivity.Kafka.csproj", "{A4C65BB7-F519-497E-8279-788CC00E1193}"
EndProject
Project("{9A19103F-16F7-4668-BE54-9A1E7A4F7556}") = "kino.Routing.Kafka", "kino.Routing.Kafka\kino.Routing.Kafka.csproj", "{8DD9A9A1-BEED-4786-883A-6C92A7ABA4C4}"
EndProject
Project("{9A19103F-16F7-4668-BE54-9A1E7A4F7556}") = "kino.Cluster.Kafka", "kino.Cluster.Kafka\kino.Cluster.Kafka.csproj", "{BB8405CE-3CB0-406C-8396-9ACA288159A7}"
EndProject
Project("{9A19103F-16F7-4668-BE54-9A1E7A4F7556}") = "kino.Messaging.Kafka", "kino.Messaging.Kafka\kino.Messaging.Kafka.csproj", "{06E62B66-559F-453B-B59A-68099E216C0E}"
EndProject
Global
	GlobalSection(SolutionConfigurationPlatforms) = preSolution
		Debug|Any CPU = Debug|Any CPU
		Release|Any CPU = Release|Any CPU
	EndGlobalSection
	GlobalSection(ProjectConfigurationPlatforms) = postSolution
		{3EB88875-8193-41C2-AA19-34B50ED25FCE}.Debug|Any CPU.ActiveCfg = Debug|Any CPU
		{3EB88875-8193-41C2-AA19-34B50ED25FCE}.Debug|Any CPU.Build.0 = Debug|Any CPU
		{3EB88875-8193-41C2-AA19-34B50ED25FCE}.Release|Any CPU.ActiveCfg = Release|Any CPU
		{3EB88875-8193-41C2-AA19-34B50ED25FCE}.Release|Any CPU.Build.0 = Release|Any CPU
		{0E9490A9-9125-4015-861D-DAB74F5BFC12}.Debug|Any CPU.ActiveCfg = Debug|Any CPU
		{0E9490A9-9125-4015-861D-DAB74F5BFC12}.Debug|Any CPU.Build.0 = Debug|Any CPU
		{0E9490A9-9125-4015-861D-DAB74F5BFC12}.Release|Any CPU.ActiveCfg = Release|Any CPU
		{0E9490A9-9125-4015-861D-DAB74F5BFC12}.Release|Any CPU.Build.0 = Release|Any CPU
		{548FFA10-E397-4588-A866-C41EDE460E24}.Debug|Any CPU.ActiveCfg = Debug|Any CPU
		{548FFA10-E397-4588-A866-C41EDE460E24}.Debug|Any CPU.Build.0 = Debug|Any CPU
		{548FFA10-E397-4588-A866-C41EDE460E24}.Release|Any CPU.ActiveCfg = Release|Any CPU
		{548FFA10-E397-4588-A866-C41EDE460E24}.Release|Any CPU.Build.0 = Release|Any CPU
		{95A0E9D0-3E53-4AA0-B1FA-E233A2D35891}.Debug|Any CPU.ActiveCfg = Debug|Any CPU
		{95A0E9D0-3E53-4AA0-B1FA-E233A2D35891}.Debug|Any CPU.Build.0 = Debug|Any CPU
		{95A0E9D0-3E53-4AA0-B1FA-E233A2D35891}.Release|Any CPU.ActiveCfg = Release|Any CPU
		{95A0E9D0-3E53-4AA0-B1FA-E233A2D35891}.Release|Any CPU.Build.0 = Release|Any CPU
		{4A52CD75-EA91-4324-ABF0-2E4430E11DE7}.Debug|Any CPU.ActiveCfg = Debug|Any CPU
		{4A52CD75-EA91-4324-ABF0-2E4430E11DE7}.Debug|Any CPU.Build.0 = Debug|Any CPU
		{4A52CD75-EA91-4324-ABF0-2E4430E11DE7}.Release|Any CPU.ActiveCfg = Release|Any CPU
		{4A52CD75-EA91-4324-ABF0-2E4430E11DE7}.Release|Any CPU.Build.0 = Release|Any CPU
		{068DE0F3-6751-4A03-B426-9AB9455535F0}.Debug|Any CPU.ActiveCfg = Debug|Any CPU
		{068DE0F3-6751-4A03-B426-9AB9455535F0}.Debug|Any CPU.Build.0 = Debug|Any CPU
		{068DE0F3-6751-4A03-B426-9AB9455535F0}.Release|Any CPU.ActiveCfg = Release|Any CPU
		{068DE0F3-6751-4A03-B426-9AB9455535F0}.Release|Any CPU.Build.0 = Release|Any CPU
		{4BC6B8C9-0314-438B-8EF6-CB3E5A35DDB3}.Debug|Any CPU.ActiveCfg = Debug|Any CPU
		{4BC6B8C9-0314-438B-8EF6-CB3E5A35DDB3}.Debug|Any CPU.Build.0 = Debug|Any CPU
		{4BC6B8C9-0314-438B-8EF6-CB3E5A35DDB3}.Release|Any CPU.ActiveCfg = Release|Any CPU
		{4BC6B8C9-0314-438B-8EF6-CB3E5A35DDB3}.Release|Any CPU.Build.0 = Release|Any CPU
		{14B41D2C-CC5B-4466-9DE6-9B09998183C2}.Debug|Any CPU.ActiveCfg = Debug|Any CPU
		{14B41D2C-CC5B-4466-9DE6-9B09998183C2}.Debug|Any CPU.Build.0 = Debug|Any CPU
		{14B41D2C-CC5B-4466-9DE6-9B09998183C2}.Release|Any CPU.ActiveCfg = Release|Any CPU
		{14B41D2C-CC5B-4466-9DE6-9B09998183C2}.Release|Any CPU.Build.0 = Release|Any CPU
		{76D7435D-BCC1-4626-B164-F210B90666A6}.Debug|Any CPU.ActiveCfg = Debug|Any CPU
		{76D7435D-BCC1-4626-B164-F210B90666A6}.Debug|Any CPU.Build.0 = Debug|Any CPU
		{76D7435D-BCC1-4626-B164-F210B90666A6}.Release|Any CPU.ActiveCfg = Release|Any CPU
		{76D7435D-BCC1-4626-B164-F210B90666A6}.Release|Any CPU.Build.0 = Release|Any CPU
		{E936E3A8-F1BC-4788-B523-AC375CAEFB99}.Debug|Any CPU.ActiveCfg = Debug|Any CPU
		{E936E3A8-F1BC-4788-B523-AC375CAEFB99}.Debug|Any CPU.Build.0 = Debug|Any CPU
		{E936E3A8-F1BC-4788-B523-AC375CAEFB99}.Release|Any CPU.ActiveCfg = Release|Any CPU
		{E936E3A8-F1BC-4788-B523-AC375CAEFB99}.Release|Any CPU.Build.0 = Release|Any CPU
		{09AF527E-95DC-4D37-8FC1-5CA943E9A4A4}.Debug|Any CPU.ActiveCfg = Debug|Any CPU
		{09AF527E-95DC-4D37-8FC1-5CA943E9A4A4}.Debug|Any CPU.Build.0 = Debug|Any CPU
		{09AF527E-95DC-4D37-8FC1-5CA943E9A4A4}.Release|Any CPU.ActiveCfg = Release|Any CPU
		{09AF527E-95DC-4D37-8FC1-5CA943E9A4A4}.Release|Any CPU.Build.0 = Release|Any CPU
		{1300221D-0982-4027-BCAD-953BC564DAE4}.Debug|Any CPU.ActiveCfg = Debug|Any CPU
		{1300221D-0982-4027-BCAD-953BC564DAE4}.Debug|Any CPU.Build.0 = Debug|Any CPU
		{1300221D-0982-4027-BCAD-953BC564DAE4}.Release|Any CPU.ActiveCfg = Release|Any CPU
		{1300221D-0982-4027-BCAD-953BC564DAE4}.Release|Any CPU.Build.0 = Release|Any CPU
		{DACFA410-FC1E-4EFB-9574-575DCEC69306}.Debug|Any CPU.ActiveCfg = Debug|Any CPU
		{DACFA410-FC1E-4EFB-9574-575DCEC69306}.Debug|Any CPU.Build.0 = Debug|Any CPU
		{DACFA410-FC1E-4EFB-9574-575DCEC69306}.Release|Any CPU.ActiveCfg = Release|Any CPU
		{DACFA410-FC1E-4EFB-9574-575DCEC69306}.Release|Any CPU.Build.0 = Release|Any CPU
		{E43E69E8-0C92-4694-9E95-F1277D34FFAD}.Debug|Any CPU.ActiveCfg = Debug|Any CPU
		{E43E69E8-0C92-4694-9E95-F1277D34FFAD}.Debug|Any CPU.Build.0 = Debug|Any CPU
		{E43E69E8-0C92-4694-9E95-F1277D34FFAD}.Release|Any CPU.ActiveCfg = Release|Any CPU
		{E43E69E8-0C92-4694-9E95-F1277D34FFAD}.Release|Any CPU.Build.0 = Release|Any CPU
		{E52CD781-EA8B-4D12-87E6-617F6B39711C}.Debug|Any CPU.ActiveCfg = Debug|Any CPU
		{E52CD781-EA8B-4D12-87E6-617F6B39711C}.Debug|Any CPU.Build.0 = Debug|Any CPU
		{E52CD781-EA8B-4D12-87E6-617F6B39711C}.Release|Any CPU.ActiveCfg = Release|Any CPU
		{E52CD781-EA8B-4D12-87E6-617F6B39711C}.Release|Any CPU.Build.0 = Release|Any CPU
		{C8204FAF-FF56-448D-8BED-160B4261F821}.Debug|Any CPU.ActiveCfg = Debug|Any CPU
		{C8204FAF-FF56-448D-8BED-160B4261F821}.Debug|Any CPU.Build.0 = Debug|Any CPU
		{C8204FAF-FF56-448D-8BED-160B4261F821}.Release|Any CPU.ActiveCfg = Release|Any CPU
		{C8204FAF-FF56-448D-8BED-160B4261F821}.Release|Any CPU.Build.0 = Release|Any CPU
		{A4C65BB7-F519-497E-8279-788CC00E1193}.Debug|Any CPU.ActiveCfg = Debug|Any CPU
		{A4C65BB7-F519-497E-8279-788CC00E1193}.Debug|Any CPU.Build.0 = Debug|Any CPU
		{A4C65BB7-F519-497E-8279-788CC00E1193}.Release|Any CPU.ActiveCfg = Release|Any CPU
		{A4C65BB7-F519-497E-8279-788CC00E1193}.Release|Any CPU.Build.0 = Release|Any CPU
		{8DD9A9A1-BEED-4786-883A-6C92A7ABA4C4}.Debug|Any CPU.ActiveCfg = Debug|Any CPU
		{8DD9A9A1-BEED-4786-883A-6C92A7ABA4C4}.Debug|Any CPU.Build.0 = Debug|Any CPU
		{8DD9A9A1-BEED-4786-883A-6C92A7ABA4C4}.Release|Any CPU.ActiveCfg = Release|Any CPU
		{8DD9A9A1-BEED-4786-883A-6C92A7ABA4C4}.Release|Any CPU.Build.0 = Release|Any CPU
		{BB8405CE-3CB0-406C-8396-9ACA288159A7}.Debug|Any CPU.ActiveCfg = Debug|Any CPU
		{BB8405CE-3CB0-406C-8396-9ACA288159A7}.Debug|Any CPU.Build.0 = Debug|Any CPU
		{BB8405CE-3CB0-406C-8396-9ACA288159A7}.Release|Any CPU.ActiveCfg = Release|Any CPU
		{BB8405CE-3CB0-406C-8396-9ACA288159A7}.Release|Any CPU.Build.0 = Release|Any CPU
		{06E62B66-559F-453B-B59A-68099E216C0E}.Debug|Any CPU.ActiveCfg = Debug|Any CPU
		{06E62B66-559F-453B-B59A-68099E216C0E}.Debug|Any CPU.Build.0 = Debug|Any CPU
		{06E62B66-559F-453B-B59A-68099E216C0E}.Release|Any CPU.ActiveCfg = Release|Any CPU
		{06E62B66-559F-453B-B59A-68099E216C0E}.Release|Any CPU.Build.0 = Release|Any CPU
	EndGlobalSection
	GlobalSection(SolutionProperties) = preSolution
		HideSolutionNode = FALSE
	EndGlobalSection
	GlobalSection(NestedProjects) = preSolution
		{1300221D-0982-4027-BCAD-953BC564DAE4} = {6F259B2B-7164-4427-A89C-12254AE91EF3}
		{DACFA410-FC1E-4EFB-9574-575DCEC69306} = {6F259B2B-7164-4427-A89C-12254AE91EF3}
		{E43E69E8-0C92-4694-9E95-F1277D34FFAD} = {B3967666-2296-4B28-BFD8-0ED4326E29C7}
		{E52CD781-EA8B-4D12-87E6-617F6B39711C} = {B3967666-2296-4B28-BFD8-0ED4326E29C7}
	EndGlobalSection
	GlobalSection(ExtensibilityGlobals) = postSolution
		SolutionGuid = {5FDFCACD-F42D-4815-B433-157C7483E51E}
	EndGlobalSection
EndGlobal
