
Microsoft Visual Studio Solution File, Format Version 12.00
# Visual Studio 15
VisualStudioVersion = 15.0.26206.0
MinimumVisualStudioVersion = 10.0.40219.1
Project("{2150E333-8FDC-42A3-9474-1A3956D46DE8}") = "Solution Items", "Solution Items", "{6967D139-FAAB-470A-B108-859E29B28DFC}"
	ProjectSection(SolutionItems) = preProject
		messages.txt = messages.txt
	EndProjectSection
EndProject
Project("{FAE04EC0-301F-11D3-BF4B-00C04F79EFBC}") = "kino.Client", "kino.Client\kino.Client.csproj", "{2C69BA32-DADC-4E4E-8D91-055FB9D35BFF}"
EndProject
Project("{FAE04EC0-301F-11D3-BF4B-00C04F79EFBC}") = "kino.Actors", "kino.Actors\kino.Actors.csproj", "{3231A7B7-C50A-4062-B5ED-BA00FCE9A77B}"
EndProject
Project("{2150E333-8FDC-42A3-9474-1A3956D46DE8}") = "Samples", "Samples", "{B3967666-2296-4B28-BFD8-0ED4326E29C7}"
EndProject
Project("{FAE04EC0-301F-11D3-BF4B-00C04F79EFBC}") = "Client", "Samples\Client\Client.csproj", "{6A33C881-0AB8-405C-8CF8-5FC7C686FE3F}"
EndProject
Project("{FAE04EC0-301F-11D3-BF4B-00C04F79EFBC}") = "Server", "Samples\Server\Server.csproj", "{D5C12074-CAB2-4AED-96BC-AC322DEF4173}"
EndProject
Project("{FAE04EC0-301F-11D3-BF4B-00C04F79EFBC}") = "kino.Consensus", "kino.Consensus\kino.Consensus.csproj", "{1143EA92-6006-4FA1-B844-1E7078D5CBDA}"
EndProject
Project("{FAE04EC0-301F-11D3-BF4B-00C04F79EFBC}") = "kino.Core", "kino.Core\kino.Core.csproj", "{AC984F96-6D8F-466B-B6A7-B241A7C5DEC1}"
EndProject
Project("{FAE04EC0-301F-11D3-BF4B-00C04F79EFBC}") = "kino", "kino\kino.csproj", "{DD0C07ED-15DB-4A33-B796-2AD4058E7433}"
EndProject
Project("{2150E333-8FDC-42A3-9474-1A3956D46DE8}") = "Integration", "Integration", "{6F259B2B-7164-4427-A89C-12254AE91EF3}"
EndProject
Project("{FAE04EC0-301F-11D3-BF4B-00C04F79EFBC}") = "Autofac.kino", "Integration\Autofac.kino\Autofac.kino.csproj", "{C50A6AC1-FA0F-42B5-B709-13832FD604D5}"
EndProject
Project("{FAE04EC0-301F-11D3-BF4B-00C04F79EFBC}") = "kino.Routing", "kino.Routing\kino.Routing.csproj", "{6809914A-DBDF-4801-A2CA-A03FD43F1172}"
EndProject
Project("{FAE04EC0-301F-11D3-BF4B-00C04F79EFBC}") = "kino.Messaging", "kino.Messaging\kino.Messaging.csproj", "{6282F68E-6D06-4DAB-8D8C-B8FCD4F18F9D}"
EndProject
Project("{FAE04EC0-301F-11D3-BF4B-00C04F79EFBC}") = "kino.Connectivity", "kino.Connectivity\kino.Connectivity.csproj", "{45F6F46B-B864-4C27-9A4B-5022546AE424}"
EndProject
Project("{FAE04EC0-301F-11D3-BF4B-00C04F79EFBC}") = "kino.Security", "kino.Security\kino.Security.csproj", "{33F0B37F-478E-405E-ACFB-65759C56228D}"
EndProject
Project("{FAE04EC0-301F-11D3-BF4B-00C04F79EFBC}") = "kino.Cluster", "kino.Cluster\kino.Cluster.csproj", "{041A2E08-53AD-485E-8F57-B06ADB01C26F}"
EndProject
Project("{2150E333-8FDC-42A3-9474-1A3956D46DE8}") = "Tests", "Tests", "{0C6B7BAF-6F77-4352-92C7-A8F3F0337896}"
EndProject
Project("{FAE04EC0-301F-11D3-BF4B-00C04F79EFBC}") = "kino.Tests", "Tests\kino.Tests\kino.Tests.csproj", "{154F580E-B7AC-47E2-8F14-6481CCC99BD3}"
EndProject
Project("{FAE04EC0-301F-11D3-BF4B-00C04F79EFBC}") = "kino.Rendezvous.Service", "kino.Rendezvous.Service\kino.Rendezvous.Service.csproj", "{4680D77E-3310-4FF1-ADBF-D728C3E1C317}"
EndProject
Project("{FAE04EC0-301F-11D3-BF4B-00C04F79EFBC}") = "kino.Rendezvous", "kino.Rendezvous\kino.Rendezvous.csproj", "{0FAE3A1D-6744-463F-8BCB-0DC385BFB424}"
EndProject
Global
	GlobalSection(SolutionConfigurationPlatforms) = preSolution
		Debug|Any CPU = Debug|Any CPU
		Release|Any CPU = Release|Any CPU
	EndGlobalSection
	GlobalSection(ProjectConfigurationPlatforms) = postSolution
		{2C69BA32-DADC-4E4E-8D91-055FB9D35BFF}.Debug|Any CPU.ActiveCfg = Debug|Any CPU
		{2C69BA32-DADC-4E4E-8D91-055FB9D35BFF}.Debug|Any CPU.Build.0 = Debug|Any CPU
		{2C69BA32-DADC-4E4E-8D91-055FB9D35BFF}.Release|Any CPU.ActiveCfg = Release|Any CPU
		{2C69BA32-DADC-4E4E-8D91-055FB9D35BFF}.Release|Any CPU.Build.0 = Release|Any CPU
		{3231A7B7-C50A-4062-B5ED-BA00FCE9A77B}.Debug|Any CPU.ActiveCfg = Debug|Any CPU
		{3231A7B7-C50A-4062-B5ED-BA00FCE9A77B}.Debug|Any CPU.Build.0 = Debug|Any CPU
		{3231A7B7-C50A-4062-B5ED-BA00FCE9A77B}.Release|Any CPU.ActiveCfg = Release|Any CPU
		{3231A7B7-C50A-4062-B5ED-BA00FCE9A77B}.Release|Any CPU.Build.0 = Release|Any CPU
		{6A33C881-0AB8-405C-8CF8-5FC7C686FE3F}.Debug|Any CPU.ActiveCfg = Debug|Any CPU
		{6A33C881-0AB8-405C-8CF8-5FC7C686FE3F}.Debug|Any CPU.Build.0 = Debug|Any CPU
		{6A33C881-0AB8-405C-8CF8-5FC7C686FE3F}.Release|Any CPU.ActiveCfg = Release|Any CPU
		{6A33C881-0AB8-405C-8CF8-5FC7C686FE3F}.Release|Any CPU.Build.0 = Release|Any CPU
		{D5C12074-CAB2-4AED-96BC-AC322DEF4173}.Debug|Any CPU.ActiveCfg = Debug|Any CPU
		{D5C12074-CAB2-4AED-96BC-AC322DEF4173}.Debug|Any CPU.Build.0 = Debug|Any CPU
		{D5C12074-CAB2-4AED-96BC-AC322DEF4173}.Release|Any CPU.ActiveCfg = Release|Any CPU
		{D5C12074-CAB2-4AED-96BC-AC322DEF4173}.Release|Any CPU.Build.0 = Release|Any CPU
		{1143EA92-6006-4FA1-B844-1E7078D5CBDA}.Debug|Any CPU.ActiveCfg = Debug|Any CPU
		{1143EA92-6006-4FA1-B844-1E7078D5CBDA}.Debug|Any CPU.Build.0 = Debug|Any CPU
		{1143EA92-6006-4FA1-B844-1E7078D5CBDA}.Release|Any CPU.ActiveCfg = Release|Any CPU
		{1143EA92-6006-4FA1-B844-1E7078D5CBDA}.Release|Any CPU.Build.0 = Release|Any CPU
		{AC984F96-6D8F-466B-B6A7-B241A7C5DEC1}.Debug|Any CPU.ActiveCfg = Debug|Any CPU
		{AC984F96-6D8F-466B-B6A7-B241A7C5DEC1}.Debug|Any CPU.Build.0 = Debug|Any CPU
		{AC984F96-6D8F-466B-B6A7-B241A7C5DEC1}.Release|Any CPU.ActiveCfg = Release|Any CPU
		{AC984F96-6D8F-466B-B6A7-B241A7C5DEC1}.Release|Any CPU.Build.0 = Release|Any CPU
		{DD0C07ED-15DB-4A33-B796-2AD4058E7433}.Debug|Any CPU.ActiveCfg = Debug|Any CPU
		{DD0C07ED-15DB-4A33-B796-2AD4058E7433}.Debug|Any CPU.Build.0 = Debug|Any CPU
		{DD0C07ED-15DB-4A33-B796-2AD4058E7433}.Release|Any CPU.ActiveCfg = Release|Any CPU
		{DD0C07ED-15DB-4A33-B796-2AD4058E7433}.Release|Any CPU.Build.0 = Release|Any CPU
		{C50A6AC1-FA0F-42B5-B709-13832FD604D5}.Debug|Any CPU.ActiveCfg = Debug|Any CPU
		{C50A6AC1-FA0F-42B5-B709-13832FD604D5}.Debug|Any CPU.Build.0 = Debug|Any CPU
		{C50A6AC1-FA0F-42B5-B709-13832FD604D5}.Release|Any CPU.ActiveCfg = Release|Any CPU
		{C50A6AC1-FA0F-42B5-B709-13832FD604D5}.Release|Any CPU.Build.0 = Release|Any CPU
		{6809914A-DBDF-4801-A2CA-A03FD43F1172}.Debug|Any CPU.ActiveCfg = Debug|Any CPU
		{6809914A-DBDF-4801-A2CA-A03FD43F1172}.Debug|Any CPU.Build.0 = Debug|Any CPU
		{6809914A-DBDF-4801-A2CA-A03FD43F1172}.Release|Any CPU.ActiveCfg = Release|Any CPU
		{6809914A-DBDF-4801-A2CA-A03FD43F1172}.Release|Any CPU.Build.0 = Release|Any CPU
		{6282F68E-6D06-4DAB-8D8C-B8FCD4F18F9D}.Debug|Any CPU.ActiveCfg = Debug|Any CPU
		{6282F68E-6D06-4DAB-8D8C-B8FCD4F18F9D}.Debug|Any CPU.Build.0 = Debug|Any CPU
		{6282F68E-6D06-4DAB-8D8C-B8FCD4F18F9D}.Release|Any CPU.ActiveCfg = Release|Any CPU
		{6282F68E-6D06-4DAB-8D8C-B8FCD4F18F9D}.Release|Any CPU.Build.0 = Release|Any CPU
		{45F6F46B-B864-4C27-9A4B-5022546AE424}.Debug|Any CPU.ActiveCfg = Debug|Any CPU
		{45F6F46B-B864-4C27-9A4B-5022546AE424}.Debug|Any CPU.Build.0 = Debug|Any CPU
		{45F6F46B-B864-4C27-9A4B-5022546AE424}.Release|Any CPU.ActiveCfg = Release|Any CPU
		{45F6F46B-B864-4C27-9A4B-5022546AE424}.Release|Any CPU.Build.0 = Release|Any CPU
		{33F0B37F-478E-405E-ACFB-65759C56228D}.Debug|Any CPU.ActiveCfg = Debug|Any CPU
		{33F0B37F-478E-405E-ACFB-65759C56228D}.Debug|Any CPU.Build.0 = Debug|Any CPU
		{33F0B37F-478E-405E-ACFB-65759C56228D}.Release|Any CPU.ActiveCfg = Release|Any CPU
		{33F0B37F-478E-405E-ACFB-65759C56228D}.Release|Any CPU.Build.0 = Release|Any CPU
		{041A2E08-53AD-485E-8F57-B06ADB01C26F}.Debug|Any CPU.ActiveCfg = Debug|Any CPU
		{041A2E08-53AD-485E-8F57-B06ADB01C26F}.Debug|Any CPU.Build.0 = Debug|Any CPU
		{041A2E08-53AD-485E-8F57-B06ADB01C26F}.Release|Any CPU.ActiveCfg = Release|Any CPU
		{041A2E08-53AD-485E-8F57-B06ADB01C26F}.Release|Any CPU.Build.0 = Release|Any CPU
		{154F580E-B7AC-47E2-8F14-6481CCC99BD3}.Debug|Any CPU.ActiveCfg = Debug|Any CPU
		{154F580E-B7AC-47E2-8F14-6481CCC99BD3}.Debug|Any CPU.Build.0 = Debug|Any CPU
		{154F580E-B7AC-47E2-8F14-6481CCC99BD3}.Release|Any CPU.ActiveCfg = Release|Any CPU
		{154F580E-B7AC-47E2-8F14-6481CCC99BD3}.Release|Any CPU.Build.0 = Release|Any CPU
		{4680D77E-3310-4FF1-ADBF-D728C3E1C317}.Debug|Any CPU.ActiveCfg = Debug|Any CPU
		{4680D77E-3310-4FF1-ADBF-D728C3E1C317}.Debug|Any CPU.Build.0 = Debug|Any CPU
		{4680D77E-3310-4FF1-ADBF-D728C3E1C317}.Release|Any CPU.ActiveCfg = Release|Any CPU
		{4680D77E-3310-4FF1-ADBF-D728C3E1C317}.Release|Any CPU.Build.0 = Release|Any CPU
		{0FAE3A1D-6744-463F-8BCB-0DC385BFB424}.Debug|Any CPU.ActiveCfg = Debug|Any CPU
		{0FAE3A1D-6744-463F-8BCB-0DC385BFB424}.Debug|Any CPU.Build.0 = Debug|Any CPU
		{0FAE3A1D-6744-463F-8BCB-0DC385BFB424}.Release|Any CPU.ActiveCfg = Release|Any CPU
		{0FAE3A1D-6744-463F-8BCB-0DC385BFB424}.Release|Any CPU.Build.0 = Release|Any CPU
	EndGlobalSection
	GlobalSection(SolutionProperties) = preSolution
		HideSolutionNode = FALSE
	EndGlobalSection
	GlobalSection(NestedProjects) = preSolution
		{6A33C881-0AB8-405C-8CF8-5FC7C686FE3F} = {B3967666-2296-4B28-BFD8-0ED4326E29C7}
		{D5C12074-CAB2-4AED-96BC-AC322DEF4173} = {B3967666-2296-4B28-BFD8-0ED4326E29C7}
		{C50A6AC1-FA0F-42B5-B709-13832FD604D5} = {6F259B2B-7164-4427-A89C-12254AE91EF3}
		{154F580E-B7AC-47E2-8F14-6481CCC99BD3} = {0C6B7BAF-6F77-4352-92C7-A8F3F0337896}
	EndGlobalSection
EndGlobal
