
Microsoft Visual Studio Solution File, Format Version 12.00
# Visual Studio 14
VisualStudioVersion = 14.0.23107.0
MinimumVisualStudioVersion = 10.0.40219.1
Project("{FAE04EC0-301F-11D3-BF4B-00C04F79EFBC}") = "Console", "Console\Console.csproj", "{005165F7-BA80-49E6-947A-B97EBE3012EB}"
EndProject
Project("{2150E333-8FDC-42A3-9474-1A3956D46DE8}") = "Solution Items", "Solution Items", "{6967D139-FAAB-470A-B108-859E29B28DFC}"
	ProjectSection(SolutionItems) = preProject
		messages.txt = messages.txt
	EndProjectSection
EndProject
Project("{FAE04EC0-301F-11D3-BF4B-00C04F79EFBC}") = "rawf", "rawf\rawf.csproj", "{AC984F96-6D8F-466B-B6A7-B241A7C5DEC1}"
EndProject
Project("{FAE04EC0-301F-11D3-BF4B-00C04F79EFBC}") = "rawf.Rendezvous", "rawf.Rendezvous\rawf.Rendezvous.csproj", "{4680D77E-3310-4FF1-ADBF-D728C3E1C317}"
EndProject
Project("{FAE04EC0-301F-11D3-BF4B-00C04F79EFBC}") = "rawf.Client", "rawf.Client\rawf.Client.csproj", "{2C69BA32-DADC-4E4E-8D91-055FB9D35BFF}"
EndProject
Project("{FAE04EC0-301F-11D3-BF4B-00C04F79EFBC}") = "rawf.Actors", "rawf.Actors\rawf.Actors.csproj", "{3231A7B7-C50A-4062-B5ED-BA00FCE9A77B}"
EndProject
Project("{FAE04EC0-301F-11D3-BF4B-00C04F79EFBC}") = "Client", "Client\Client.csproj", "{6A33C881-0AB8-405C-8CF8-5FC7C686FE3F}"
EndProject
Project("{FAE04EC0-301F-11D3-BF4B-00C04F79EFBC}") = "Server", "Server\Server.csproj", "{D5C12074-CAB2-4AED-96BC-AC322DEF4173}"
EndProject
Global
	GlobalSection(SolutionConfigurationPlatforms) = preSolution
		Debug|Any CPU = Debug|Any CPU
		Release|Any CPU = Release|Any CPU
	EndGlobalSection
	GlobalSection(ProjectConfigurationPlatforms) = postSolution
		{005165F7-BA80-49E6-947A-B97EBE3012EB}.Debug|Any CPU.ActiveCfg = Debug|Any CPU
		{005165F7-BA80-49E6-947A-B97EBE3012EB}.Debug|Any CPU.Build.0 = Debug|Any CPU
		{005165F7-BA80-49E6-947A-B97EBE3012EB}.Release|Any CPU.ActiveCfg = Release|Any CPU
		{005165F7-BA80-49E6-947A-B97EBE3012EB}.Release|Any CPU.Build.0 = Release|Any CPU
		{AC984F96-6D8F-466B-B6A7-B241A7C5DEC1}.Debug|Any CPU.ActiveCfg = Debug|Any CPU
		{AC984F96-6D8F-466B-B6A7-B241A7C5DEC1}.Debug|Any CPU.Build.0 = Debug|Any CPU
		{AC984F96-6D8F-466B-B6A7-B241A7C5DEC1}.Release|Any CPU.ActiveCfg = Release|Any CPU
		{AC984F96-6D8F-466B-B6A7-B241A7C5DEC1}.Release|Any CPU.Build.0 = Release|Any CPU
		{4680D77E-3310-4FF1-ADBF-D728C3E1C317}.Debug|Any CPU.ActiveCfg = Debug|Any CPU
		{4680D77E-3310-4FF1-ADBF-D728C3E1C317}.Debug|Any CPU.Build.0 = Debug|Any CPU
		{4680D77E-3310-4FF1-ADBF-D728C3E1C317}.Release|Any CPU.ActiveCfg = Release|Any CPU
		{4680D77E-3310-4FF1-ADBF-D728C3E1C317}.Release|Any CPU.Build.0 = Release|Any CPU
		{2C69BA32-DADC-4E4E-8D91-055FB9D35BFF}.Debug|Any CPU.ActiveCfg = Debug|Any CPU
		{2C69BA32-DADC-4E4E-8D91-055FB9D35BFF}.Debug|Any CPU.Build.0 = Debug|Any CPU
		{2C69BA32-DADC-4E4E-8D91-055FB9D35BFF}.Release|Any CPU.ActiveCfg = Release|Any CPU
		{2C69BA32-DADC-4E4E-8D91-055FB9D35BFF}.Release|Any CPU.Build.0 = Release|Any CPU
		{3231A7B7-C50A-4062-B5ED-BA00FCE9A77B}.Debug|Any CPU.ActiveCfg = Debug|Any CPU
		{3231A7B7-C50A-4062-B5ED-BA00FCE9A77B}.Debug|Any CPU.Build.0 = Debug|Any CPU
		{3231A7B7-C50A-4062-B5ED-BA00FCE9A77B}.Release|Any CPU.ActiveCfg = Release|Any CPU
		{3231A7B7-C50A-4062-B5ED-BA00FCE9A77B}.Release|Any CPU.Build.0 = Release|Any CPU
		{6A33C881-0AB8-405C-8CF8-5FC7C686FE3F}.Debug|Any CPU.ActiveCfg = Debug|Any CPU
		{6A33C881-0AB8-405C-8CF8-5FC7C686FE3F}.Debug|Any CPU.Build.0 = Debug|Any CPU
		{6A33C881-0AB8-405C-8CF8-5FC7C686FE3F}.Release|Any CPU.ActiveCfg = Release|Any CPU
		{6A33C881-0AB8-405C-8CF8-5FC7C686FE3F}.Release|Any CPU.Build.0 = Release|Any CPU
		{D5C12074-CAB2-4AED-96BC-AC322DEF4173}.Debug|Any CPU.ActiveCfg = Debug|Any CPU
		{D5C12074-CAB2-4AED-96BC-AC322DEF4173}.Debug|Any CPU.Build.0 = Debug|Any CPU
		{D5C12074-CAB2-4AED-96BC-AC322DEF4173}.Release|Any CPU.ActiveCfg = Release|Any CPU
		{D5C12074-CAB2-4AED-96BC-AC322DEF4173}.Release|Any CPU.Build.0 = Release|Any CPU
	EndGlobalSection
	GlobalSection(SolutionProperties) = preSolution
		HideSolutionNode = FALSE
	EndGlobalSection
EndGlobal
